// !$*UTF8*$!
{
	archiveVersion = 1;
	classes = {
	};
	objectVersion = 77;
	objects = {

/* Begin PBXBuildFile section */
		0D3B1A8955673779C1704C2A /* StartHermesCallIntent.swift in Sources */ = {isa = PBXBuildFile; fileRef = 7CE26BE2505897141F84C8C7 /* StartHermesCallIntent.swift */; };
		44F8C6CD1CE7E21DD7FF4A88 /* VersionHistory.swift in Sources */ = {isa = PBXBuildFile; fileRef = F5174684767B5CE9FDB5C0C9 /* VersionHistory.swift */; };
		48D3FEB9E9F82EF79DA42352 /* CallManager.swift in Sources */ = {isa = PBXBuildFile; fileRef = 4562879BFC36C700020C7981 /* CallManager.swift */; };
		4F74598ED78536D11BF74A69 /* SettingsView.swift in Sources */ = {isa = PBXBuildFile; fileRef = 1BA26BC5887282F9095FC1C5 /* SettingsView.swift */; };
		5321143CE57EF93204856B93 /* SettingsStore.swift in Sources */ = {isa = PBXBuildFile; fileRef = E5DFA74BD3F6B076E68EFC57 /* SettingsStore.swift */; };
		6C9FBACB0E79BED4A2F3771E /* Assets.xcassets in Resources */ = {isa = PBXBuildFile; fileRef = 903D5020F604216DFDE6A961 /* Assets.xcassets */; };
		6E686C9EE50B4450ACDDECEB /* SpeechRecognizer.swift in Sources */ = {isa = PBXBuildFile; fileRef = E5A9D3DBA7C23203B39C8B58 /* SpeechRecognizer.swift */; };
		7BBE992944A70733EE1A7FE0 /* RootView.swift in Sources */ = {isa = PBXBuildFile; fileRef = 6D24F879EC5025830D096A4B /* RootView.swift */; };
		888A1FB1770978A0A4FC11DA /* HermesAgentClient.swift in Sources */ = {isa = PBXBuildFile; fileRef = 98FFDEA32F7F588257CF7AB9 /* HermesAgentClient.swift */; };
		8BDD53FD7C32333E146F403A /* HermesVoiceApp.swift in Sources */ = {isa = PBXBuildFile; fileRef = B87C7EFE2FD9A225788B5133 /* HermesVoiceApp.swift */; };
		9B3DFE0350B6D0E36586456C /* AudioEngineManager.swift in Sources */ = {isa = PBXBuildFile; fileRef = FEC380F054E6E66CABA7D96D /* AudioEngineManager.swift */; };
		A7A9DC2631063C0B20D31F18 /* KeychainStore.swift in Sources */ = {isa = PBXBuildFile; fileRef = A6014C2FE28CBFBD07D5C34A /* KeychainStore.swift */; };
		F85FB471BEFBDE76123DA24F /* VoiceSession.swift in Sources */ = {isa = PBXBuildFile; fileRef = F2CF6C0BD811660B860A518B /* VoiceSession.swift */; };
		F8F04EAACD0CCC1FE73DD6D6 /* SpeechSynthesizer.swift in Sources */ = {isa = PBXBuildFile; fileRef = C4879DFF0412CE9901751A8F /* SpeechSynthesizer.swift */; };
/* End PBXBuildFile section */

/* Begin PBXFileReference section */
		1BA26BC5887282F9095FC1C5 /* SettingsView.swift */ = {isa = PBXFileReference; lastKnownFileType = sourcecode.swift; path = SettingsView.swift; sourceTree = "<group>"; };
		4562879BFC36C700020C7981 /* CallManager.swift */ = {isa = PBXFileReference; lastKnownFileType = sourcecode.swift; path = CallManager.swift; sourceTree = "<group>"; };
		6D24F879EC5025830D096A4B /* RootView.swift */ = {isa = PBXFileReference; lastKnownFileType = sourcecode.swift; path = RootView.swift; sourceTree = "<group>"; };
		7CE26BE2505897141F84C8C7 /* StartHermesCallIntent.swift */ = {isa = PBXFileReference; lastKnownFileType = sourcecode.swift; path = StartHermesCallIntent.swift; sourceTree = "<group>"; };
		903D5020F604216DFDE6A961 /* Assets.xcassets */ = {isa = PBXFileReference; lastKnownFileType = folder.assetcatalog; path = Assets.xcassets; sourceTree = "<group>"; };
		98FFDEA32F7F588257CF7AB9 /* HermesAgentClient.swift */ = {isa = PBXFileReference; lastKnownFileType = sourcecode.swift; path = HermesAgentClient.swift; sourceTree = "<group>"; };
		A6014C2FE28CBFBD07D5C34A /* KeychainStore.swift */ = {isa = PBXFileReference; lastKnownFileType = sourcecode.swift; path = KeychainStore.swift; sourceTree = "<group>"; };
		A72838FE9EE16A3FF82DEC5F /* HermesVoice.entitlements */ = {isa = PBXFileReference; lastKnownFileType = text.plist.entitlements; path = HermesVoice.entitlements; sourceTree = "<group>"; };
		B87C7EFE2FD9A225788B5133 /* HermesVoiceApp.swift */ = {isa = PBXFileReference; lastKnownFileType = sourcecode.swift; path = HermesVoiceApp.swift; sourceTree = "<group>"; };
		C4879DFF0412CE9901751A8F /* SpeechSynthesizer.swift */ = {isa = PBXFileReference; lastKnownFileType = sourcecode.swift; path = SpeechSynthesizer.swift; sourceTree = "<group>"; };
		D84A69132372FE451302742E /* HermesVoice.app */ = {isa = PBXFileReference; includeInIndex = 0; lastKnownFileType = wrapper.application; path = HermesVoice.app; sourceTree = BUILT_PRODUCTS_DIR; };
		E5A9D3DBA7C23203B39C8B58 /* SpeechRecognizer.swift */ = {isa = PBXFileReference; lastKnownFileType = sourcecode.swift; path = SpeechRecognizer.swift; sourceTree = "<group>"; };
		E5DFA74BD3F6B076E68EFC57 /* SettingsStore.swift */ = {isa = PBXFileReference; lastKnownFileType = sourcecode.swift; path = SettingsStore.swift; sourceTree = "<group>"; };
		F2CF6C0BD811660B860A518B /* VoiceSession.swift */ = {isa = PBXFileReference; lastKnownFileType = sourcecode.swift; path = VoiceSession.swift; sourceTree = "<group>"; };
		F3CAE5B0A74B09F96D5CBD6F /* Info.plist */ = {isa = PBXFileReference; lastKnownFileType = text.plist; path = Info.plist; sourceTree = "<group>"; };
		F5174684767B5CE9FDB5C0C9 /* VersionHistory.swift */ = {isa = PBXFileReference; lastKnownFileType = sourcecode.swift; path = VersionHistory.swift; sourceTree = "<group>"; };
		FEC380F054E6E66CABA7D96D /* AudioEngineManager.swift */ = {isa = PBXFileReference; lastKnownFileType = sourcecode.swift; path = AudioEngineManager.swift; sourceTree = "<group>"; };
/* End PBXFileReference section */

/* Begin PBXGroup section */
		085AF0222994859ECC087425 /* App */ = {
			isa = PBXGroup;
			children = (
				B87C7EFE2FD9A225788B5133 /* HermesVoiceApp.swift */,
				6D24F879EC5025830D096A4B /* RootView.swift */,
			);
			path = App;
			sourceTree = "<group>";
		};
		1569890D403C5A37891FA711 /* Hermes */ = {
			isa = PBXGroup;
			children = (
				98FFDEA32F7F588257CF7AB9 /* HermesAgentClient.swift */,
			);
			path = Hermes;
			sourceTree = "<group>";
		};
		3D643073C7B1134EF9BC0E48 /* Call */ = {
			isa = PBXGroup;
			children = (
				4562879BFC36C700020C7981 /* CallManager.swift */,
			);
			path = Call;
			sourceTree = "<group>";
		};
		4952CE18ECEC329BABAE8596 /* Sources */ = {
			isa = PBXGroup;
			children = (
				903D5020F604216DFDE6A961 /* Assets.xcassets */,
				A72838FE9EE16A3FF82DEC5F /* HermesVoice.entitlements */,
				F3CAE5B0A74B09F96D5CBD6F /* Info.plist */,
				085AF0222994859ECC087425 /* App */,
				6855862AAE001A10C55514BC /* Audio */,
				3D643073C7B1134EF9BC0E48 /* Call */,
				1569890D403C5A37891FA711 /* Hermes */,
				FF4DAC5BFE274FC69508D651 /* Intents */,
				F0BD5ECFC8C63BBD4E4CA534 /* Session */,
				6822142F84EBF3DB0B699578 /* Settings */,
				8214EED49FC2674D8C6EA382 /* Speech */,
			);
			path = Sources;
			sourceTree = "<group>";
		};
		6822142F84EBF3DB0B699578 /* Settings */ = {
			isa = PBXGroup;
			children = (
				A6014C2FE28CBFBD07D5C34A /* KeychainStore.swift */,
				E5DFA74BD3F6B076E68EFC57 /* SettingsStore.swift */,
				1BA26BC5887282F9095FC1C5 /* SettingsView.swift */,
				F5174684767B5CE9FDB5C0C9 /* VersionHistory.swift */,
			);
			path = Settings;
			sourceTree = "<group>";
		};
		6855862AAE001A10C55514BC /* Audio */ = {
			isa = PBXGroup;
			children = (
				FEC380F054E6E66CABA7D96D /* AudioEngineManager.swift */,
			);
			path = Audio;
			sourceTree = "<group>";
		};
		7AF58582FB1B7BBE3D59E3BF = {
			isa = PBXGroup;
			children = (
				4952CE18ECEC329BABAE8596 /* Sources */,
				B108727DF6859EF2A5AB803C /* Products */,
			);
			sourceTree = "<group>";
		};
		8214EED49FC2674D8C6EA382 /* Speech */ = {
			isa = PBXGroup;
			children = (
				E5A9D3DBA7C23203B39C8B58 /* SpeechRecognizer.swift */,
				C4879DFF0412CE9901751A8F /* SpeechSynthesizer.swift */,
			);
			path = Speech;
			sourceTree = "<group>";
		};
		B108727DF6859EF2A5AB803C /* Products */ = {
			isa = PBXGroup;
			children = (
				D84A69132372FE451302742E /* HermesVoice.app */,
			);
			name = Products;
			sourceTree = "<group>";
		};
		F0BD5ECFC8C63BBD4E4CA534 /* Session */ = {
			isa = PBXGroup;
			children = (
				F2CF6C0BD811660B860A518B /* VoiceSession.swift */,
			);
			path = Session;
			sourceTree = "<group>";
		};
		FF4DAC5BFE274FC69508D651 /* Intents */ = {
			isa = PBXGroup;
			children = (
				7CE26BE2505897141F84C8C7 /* StartHermesCallIntent.swift */,
			);
			path = Intents;
			sourceTree = "<group>";
		};
/* End PBXGroup section */

/* Begin PBXNativeTarget section */
		2E166F697B9C5F298B486D93 /* HermesVoice */ = {
			isa = PBXNativeTarget;
			buildConfigurationList = 3BB43510622656E27BB21149 /* Build configuration list for PBXNativeTarget "HermesVoice" */;
			buildPhases = (
				029D8AD7A1598F30B7705851 /* Sources */,
				B4A15645B0E5607CBA68EA84 /* Resources */,
			);
			buildRules = (
			);
			dependencies = (
			);
			name = HermesVoice;
			packageProductDependencies = (
			);
			productName = HermesVoice;
			productReference = D84A69132372FE451302742E /* HermesVoice.app */;
			productType = "com.apple.product-type.application";
		};
/* End PBXNativeTarget section */

/* Begin PBXProject section */
		2DF5568C59CCE513383951E0 /* Project object */ = {
			isa = PBXProject;
			attributes = {
				BuildIndependentTargetsInParallel = YES;
				LastUpgradeCheck = 1430;
				TargetAttributes = {
					2E166F697B9C5F298B486D93 = {
						DevelopmentTeam = E743636TCJ;
						ProvisioningStyle = Automatic;
					};
				};
			};
			buildConfigurationList = BE3B16B7DD6C03554CF2C5F3 /* Build configuration list for PBXProject "HermesVoice" */;
			developmentRegion = en;
			hasScannedForEncodings = 0;
			knownRegions = (
				Base,
				en,
			);
			mainGroup = 7AF58582FB1B7BBE3D59E3BF;
			minimizedProjectReferenceProxies = 1;
			preferredProjectObjectVersion = 77;
			productRefGroup = B108727DF6859EF2A5AB803C /* Products */;
			projectDirPath = "";
			projectRoot = "";
			targets = (
				2E166F697B9C5F298B486D93 /* HermesVoice */,
			);
		};
/* End PBXProject section */

/* Begin PBXResourcesBuildPhase section */
		B4A15645B0E5607CBA68EA84 /* Resources */ = {
			isa = PBXResourcesBuildPhase;
			buildActionMask = 2147483647;
			files = (
				6C9FBACB0E79BED4A2F3771E /* Assets.xcassets in Resources */,
			);
			runOnlyForDeploymentPostprocessing = 0;
		};
/* End PBXResourcesBuildPhase section */

/* Begin PBXSourcesBuildPhase section */
		029D8AD7A1598F30B7705851 /* Sources */ = {
			isa = PBXSourcesBuildPhase;
			buildActionMask = 2147483647;
			files = (
				9B3DFE0350B6D0E36586456C /* AudioEngineManager.swift in Sources */,
				48D3FEB9E9F82EF79DA42352 /* CallManager.swift in Sources */,
				888A1FB1770978A0A4FC11DA /* HermesAgentClient.swift in Sources */,
				8BDD53FD7C32333E146F403A /* HermesVoiceApp.swift in Sources */,
				A7A9DC2631063C0B20D31F18 /* KeychainStore.swift in Sources */,
				7BBE992944A70733EE1A7FE0 /* RootView.swift in Sources */,
				5321143CE57EF93204856B93 /* SettingsStore.swift in Sources */,
				4F74598ED78536D11BF74A69 /* SettingsView.swift in Sources */,
				6E686C9EE50B4450ACDDECEB /* SpeechRecognizer.swift in Sources */,
				F8F04EAACD0CCC1FE73DD6D6 /* SpeechSynthesizer.swift in Sources */,
				0D3B1A8955673779C1704C2A /* StartHermesCallIntent.swift in Sources */,
				44F8C6CD1CE7E21DD7FF4A88 /* VersionHistory.swift in Sources */,
				F85FB471BEFBDE76123DA24F /* VoiceSession.swift in Sources */,
			);
			runOnlyForDeploymentPostprocessing = 0;
		};
/* End PBXSourcesBuildPhase section */

/* Begin XCBuildConfiguration section */
		1316FDD7BB19FC0CCDD31AD1 /* Release */ = {
			isa = XCBuildConfiguration;
			buildSettings = {
				ASSETCATALOG_COMPILER_APPICON_NAME = AppIcon;
				CODE_SIGN_ENTITLEMENTS = Sources/HermesVoice.entitlements;
				CODE_SIGN_IDENTITY = "iPhone Developer";
				INFOPLIST_FILE = Sources/Info.plist;
				LD_RUNPATH_SEARCH_PATHS = (
					"$(inherited)",
					"@executable_path/Frameworks",
				);
				PRODUCT_BUNDLE_IDENTIFIER = br.app.egger.HermesVoice;
				SDKROOT = iphoneos;
				TARGETED_DEVICE_FAMILY = "1,2";
			};
			name = Release;
		};
		77D875EDC4656B19E8F98CDD /* Debug */ = {
			isa = XCBuildConfiguration;
			buildSettings = {
				ASSETCATALOG_COMPILER_APPICON_NAME = AppIcon;
				CODE_SIGN_ENTITLEMENTS = Sources/HermesVoice.entitlements;
				CODE_SIGN_IDENTITY = "iPhone Developer";
				INFOPLIST_FILE = Sources/Info.plist;
				LD_RUNPATH_SEARCH_PATHS = (
					"$(inherited)",
					"@executable_path/Frameworks",
				);
				PRODUCT_BUNDLE_IDENTIFIER = br.app.egger.HermesVoice;
				SDKROOT = iphoneos;
				TARGETED_DEVICE_FAMILY = "1,2";
			};
			name = Debug;
		};
		B9E3BD41C5E00697F81682E6 /* Debug */ = {
			isa = XCBuildConfiguration;
			buildSettings = {
				ALWAYS_SEARCH_USER_PATHS = NO;
				CLANG_ANALYZER_NONNULL = YES;
				CLANG_ANALYZER_NUMBER_OBJECT_CONVERSION = YES_AGGRESSIVE;
				CLANG_CXX_LANGUAGE_STANDARD = "gnu++14";
				CLANG_CXX_LIBRARY = "libc++";
				CLANG_ENABLE_MODULES = YES;
				CLANG_ENABLE_OBJC_ARC = YES;
				CLANG_ENABLE_OBJC_WEAK = YES;
				CLANG_WARN_BLOCK_CAPTURE_AUTORELEASING = YES;
				CLANG_WARN_BOOL_CONVERSION = YES;
				CLANG_WARN_COMMA = YES;
				CLANG_WARN_CONSTANT_CONVERSION = YES;
				CLANG_WARN_DEPRECATED_OBJC_IMPLEMENTATIONS = YES;
				CLANG_WARN_DIRECT_OBJC_ISA_USAGE = YES_ERROR;
				CLANG_WARN_DOCUMENTATION_COMMENTS = YES;
				CLANG_WARN_EMPTY_BODY = YES;
				CLANG_WARN_ENUM_CONVERSION = YES;
				CLANG_WARN_INFINITE_RECURSION = YES;
				CLANG_WARN_INT_CONVERSION = YES;
				CLANG_WARN_NON_LITERAL_NULL_CONVERSION = YES;
				CLANG_WARN_OBJC_IMPLICIT_RETAIN_SELF = YES;
				CLANG_WARN_OBJC_LITERAL_CONVERSION = YES;
				CLANG_WARN_OBJC_ROOT_CLASS = YES_ERROR;
				CLANG_WARN_QUOTED_INCLUDE_IN_FRAMEWORK_HEADER = YES;
				CLANG_WARN_RANGE_LOOP_ANALYSIS = YES;
				CLANG_WARN_STRICT_PROTOTYPES = YES;
				CLANG_WARN_SUSPICIOUS_MOVE = YES;
				CLANG_WARN_UNGUARDED_AVAILABILITY = YES_AGGRESSIVE;
				CLANG_WARN_UNREACHABLE_CODE = YES;
				CLANG_WARN__DUPLICATE_METHOD_MATCH = YES;
				CODE_SIGN_STYLE = Automatic;
				COPY_PHASE_STRIP = NO;
				CURRENT_PROJECT_VERSION = 7;
				DEBUG_INFORMATION_FORMAT = dwarf;
				DEVELOPMENT_TEAM = E743636TCJ;
				ENABLE_STRICT_OBJC_MSGSEND = YES;
				ENABLE_TESTABILITY = YES;
				GCC_C_LANGUAGE_STANDARD = gnu11;
				GCC_DYNAMIC_NO_PIC = NO;
				GCC_NO_COMMON_BLOCKS = YES;
				GCC_OPTIMIZATION_LEVEL = 0;
				GCC_PREPROCESSOR_DEFINITIONS = (
					"$(inherited)",
					"DEBUG=1",
				);
				GCC_WARN_64_TO_32_BIT_CONVERSION = YES;
				GCC_WARN_ABOUT_RETURN_TYPE = YES_ERROR;
				GCC_WARN_UNDECLARED_SELECTOR = YES;
				GCC_WARN_UNINITIALIZED_AUTOS = YES_AGGRESSIVE;
				GCC_WARN_UNUSED_FUNCTION = YES;
				GCC_WARN_UNUSED_VARIABLE = YES;
				IPHONEOS_DEPLOYMENT_TARGET = 26.5;
				MARKETING_VERSION = 1.1.0;
				MTL_ENABLE_DEBUG_INFO = INCLUDE_SOURCE;
				MTL_FAST_MATH = YES;
				ONLY_ACTIVE_ARCH = YES;
				PRODUCT_NAME = "$(TARGET_NAME)";
				SDKROOT = iphoneos;
				SWIFT_ACTIVE_COMPILATION_CONDITIONS = DEBUG;
				SWIFT_OPTIMIZATION_LEVEL = "-Onone";
				SWIFT_VERSION = 5.0;
			};
			name = Debug;
		};
		E2D0C8295B62156DF435FC72 /* Release */ = {
			isa = XCBuildConfiguration;
			buildSettings = {
				ALWAYS_SEARCH_USER_PATHS = NO;
				CLANG_ANALYZER_NONNULL = YES;
				CLANG_ANALYZER_NUMBER_OBJECT_CONVERSION = YES_AGGRESSIVE;
				CLANG_CXX_LANGUAGE_STANDARD = "gnu++14";
				CLANG_CXX_LIBRARY = "libc++";
				CLANG_ENABLE_MODULES = YES;
				CLANG_ENABLE_OBJC_ARC = YES;
				CLANG_ENABLE_OBJC_WEAK = YES;
				CLANG_WARN_BLOCK_CAPTURE_AUTORELEASING = YES;
				CLANG_WARN_BOOL_CONVERSION = YES;
				CLANG_WARN_COMMA = YES;
				CLANG_WARN_CONSTANT_CONVERSION = YES;
				CLANG_WARN_DEPRECATED_OBJC_IMPLEMENTATIONS = YES;
				CLANG_WARN_DIRECT_OBJC_ISA_USAGE = YES_ERROR;
				CLANG_WARN_DOCUMENTATION_COMMENTS = YES;
				CLANG_WARN_EMPTY_BODY = YES;
				CLANG_WARN_ENUM_CONVERSION = YES;
				CLANG_WARN_INFINITE_RECURSION = YES;
				CLANG_WARN_INT_CONVERSION = YES;
				CLANG_WARN_NON_LITERAL_NULL_CONVERSION = YES;
				CLANG_WARN_OBJC_IMPLICIT_RETAIN_SELF = YES;
				CLANG_WARN_OBJC_LITERAL_CONVERSION = YES;
				CLANG_WARN_OBJC_ROOT_CLASS = YES_ERROR;
				CLANG_WARN_QUOTED_INCLUDE_IN_FRAMEWORK_HEADER = YES;
				CLANG_WARN_RANGE_LOOP_ANALYSIS = YES;
				CLANG_WARN_STRICT_PROTOTYPES = YES;
				CLANG_WARN_SUSPICIOUS_MOVE = YES;
				CLANG_WARN_UNGUARDED_AVAILABILITY = YES_AGGRESSIVE;
				CLANG_WARN_UNREACHABLE_CODE = YES;
				CLANG_WARN__DUPLICATE_METHOD_MATCH = YES;
				CODE_SIGN_STYLE = Automatic;
				COPY_PHASE_STRIP = NO;
				CURRENT_PROJECT_VERSION = 7;
				DEBUG_INFORMATION_FORMAT = "dwarf-with-dsym";
				DEVELOPMENT_TEAM = E743636TCJ;
				ENABLE_NS_ASSERTIONS = NO;
				ENABLE_STRICT_OBJC_MSGSEND = YES;
				GCC_C_LANGUAGE_STANDARD = gnu11;
				GCC_NO_COMMON_BLOCKS = YES;
				GCC_WARN_64_TO_32_BIT_CONVERSION = YES;
				GCC_WARN_ABOUT_RETURN_TYPE = YES_ERROR;
				GCC_WARN_UNDECLARED_SELECTOR = YES;
				GCC_WARN_UNINITIALIZED_AUTOS = YES_AGGRESSIVE;
				GCC_WARN_UNUSED_FUNCTION = YES;
				GCC_WARN_UNUSED_VARIABLE = YES;
				IPHONEOS_DEPLOYMENT_TARGET = 26.5;
				MARKETING_VERSION = 1.1.0;
				MTL_ENABLE_DEBUG_INFO = NO;
				MTL_FAST_MATH = YES;
				PRODUCT_NAME = "$(TARGET_NAME)";
				SDKROOT = iphoneos;
				SWIFT_COMPILATION_MODE = wholemodule;
				SWIFT_OPTIMIZATION_LEVEL = "-O";
				SWIFT_VERSION = 5.0;
			};
			name = Release;
		};
/* End XCBuildConfiguration section */

/* Begin XCConfigurationList section */
		3BB43510622656E27BB21149 /* Build configuration list for PBXNativeTarget "HermesVoice" */ = {
			isa = XCConfigurationList;
			buildConfigurations = (
				77D875EDC4656B19E8F98CDD /* Debug */,
				1316FDD7BB19FC0CCDD31AD1 /* Release */,
			);
			defaultConfigurationIsVisible = 0;
			defaultConfigurationName = Debug;
		};
		BE3B16B7DD6C03554CF2C5F3 /* Build configuration list for PBXProject "HermesVoice" */ = {
			isa = XCConfigurationList;
			buildConfigurations = (
				B9E3BD41C5E00697F81682E6 /* Debug */,
				E2D0C8295B62156DF435FC72 /* Release */,
			);
			defaultConfigurationIsVisible = 0;
			defaultConfigurationName = Debug;
		};
/* End XCConfigurationList section */
	};
	rootObject = 2DF5568C59CCE513383951E0 /* Project object */;
}
